// !$*UTF8*$!
{
	archiveVersion = 1;
	classes = {
	};
	objectVersion = 55;
	objects = {

/* Begin PBXBuildFile section */
		6272505F2976C00A0077BD22 /* car_EWApp.swift in Sources */ = {isa = PBXBuildFile; fileRef = 6272505E2976C00A0077BD22 /* car_EWApp.swift */; };
		627250612976C00A0077BD22 /* ContentView.swift in Sources */ = {isa = PBXBuildFile; fileRef = 627250602976C00A0077BD22 /* ContentView.swift */; };
		627250632976C00C0077BD22 /* Assets.xcassets in Resources */ = {isa = PBXBuildFile; fileRef = 627250622976C00C0077BD22 /* Assets.xcassets */; };
		627250662976C00C0077BD22 /* Preview Assets.xcassets in Resources */ = {isa = PBXBuildFile; fileRef = 627250652976C00C0077BD22 /* Preview Assets.xcassets */; };
		627250702976C00C0077BD22 /* car_EWTests.swift in Sources */ = {isa = PBXBuildFile; fileRef = 6272506F2976C00C0077BD22 /* car_EWTests.swift */; };
		6272507A2976C00C0077BD22 /* car_EWUITests.swift in Sources */ = {isa = PBXBuildFile; fileRef = 627250792976C00C0077BD22 /* car_EWUITests.swift */; };
		6272507C2976C00C0077BD22 /* car_EWUITestsLaunchTests.swift in Sources */ = {isa = PBXBuildFile; fileRef = 6272507B2976C00C0077BD22 /* car_EWUITestsLaunchTests.swift */; };
/* End PBXBuildFile section */

/* Begin PBXContainerItemProxy section */
		6272506C2976C00C0077BD22 /* PBXContainerItemProxy */ = {
			isa = PBXContainerItemProxy;
			containerPortal = 627250532976C00A0077BD22 /* Project object */;
			proxyType = 1;
			remoteGlobalIDString = 6272505A2976C00A0077BD22;
			remoteInfo = "car EW";
		};
		627250762976C00C0077BD22 /* PBXContainerItemProxy */ = {
			isa = PBXContainerItemProxy;
			containerPortal = 627250532976C00A0077BD22 /* Project object */;
			proxyType = 1;
			remoteGlobalIDString = 6272505A2976C00A0077BD22;
			remoteInfo = "car EW";
		};
/* End PBXContainerItemProxy section */

/* Begin PBXFileReference section */
		6272505B2976C00A0077BD22 /* car EW.app */ = {isa = PBXFileReference; explicitFileType = wrapper.application; includeInIndex = 0; path = "car EW.app"; sourceTree = BUILT_PRODUCTS_DIR; };
		6272505E2976C00A0077BD22 /* car_EWApp.swift */ = {isa = PBXFileReference; lastKnownFileType = sourcecode.swift; path = car_EWApp.swift; sourceTree = "<group>"; };
		627250602976C00A0077BD22 /* ContentView.swift */ = {isa = PBXFileReference; lastKnownFileType = sourcecode.swift; path = ContentView.swift; sourceTree = "<group>"; };
		627250622976C00C0077BD22 /* Assets.xcassets */ = {isa = PBXFileReference; lastKnownFileType = folder.assetcatalog; path = Assets.xcassets; sourceTree = "<group>"; };
		627250652976C00C0077BD22 /* Preview Assets.xcassets */ = {isa = PBXFileReference; lastKnownFileType = folder.assetcatalog; path = "Preview Assets.xcassets"; sourceTree = "<group>"; };
		6272506B2976C00C0077BD22 /* car EWTests.xctest */ = {isa = PBXFileReference; explicitFileType = wrapper.cfbundle; includeInIndex = 0; path = "car EWTests.xctest"; sourceTree = BUILT_PRODUCTS_DIR; };
		6272506F2976C00C0077BD22 /* car_EWTests.swift */ = {isa = PBXFileReference; lastKnownFileType = sourcecode.swift; path = car_EWTests.swift; sourceTree = "<group>"; };
		627250752976C00C0077BD22 /* car EWUITests.xctest */ = {isa = PBXFileReference; explicitFileType = wrapper.cfbundle; includeInIndex = 0; path = "car EWUITests.xctest"; sourceTree = BUILT_PRODUCTS_DIR; };
		627250792976C00C0077BD22 /* car_EWUITests.swift */ = {isa = PBXFileReference; lastKnownFileType = sourcecode.swift; path = car_EWUITests.swift; sourceTree = "<group>"; };
		6272507B2976C00C0077BD22 /* car_EWUITestsLaunchTests.swift */ = {isa = PBXFileReference; lastKnownFileType = sourcecode.swift; path = car_EWUITestsLaunchTests.swift; sourceTree = "<group>"; };
/* End PBXFileReference section */

/* Begin PBXFrameworksBuildPhase section */
		627250582976C00A0077BD22 /* Frameworks */ = {
			isa = PBXFrameworksBuildPhase;
			buildActionMask = 2147483647;
			files = (
			);
			runOnlyForDeploymentPostprocessing = 0;
		};
		627250682976C00C0077BD22 /* Frameworks */ = {
			isa = PBXFrameworksBuildPhase;
			buildActionMask = 2147483647;
			files = (
			);
			runOnlyForDeploymentPostprocessing = 0;
		};
		627250722976C00C0077BD22 /* Frameworks */ = {
			isa = PBXFrameworksBuildPhase;
			buildActionMask = 2147483647;
			files = (
			);
			runOnlyForDeploymentPostprocessing = 0;
		};
/* End PBXFrameworksBuildPhase section */

/* Begin PBXGroup section */
		627250522976C00A0077BD22 = {
			isa = PBXGroup;
			children = (
				6272505D2976C00A0077BD22 /* car EW */,
				6272506E2976C00C0077BD22 /* car EWTests */,
				627250782976C00C0077BD22 /* car EWUITests */,
				6272505C2976C00A0077BD22 /* Products */,
			);
			sourceTree = "<group>";
		};
		6272505C2976C00A0077BD22 /* Products */ = {
			isa = PBXGroup;
			children = (
				6272505B2976C00A0077BD22 /* car EW.app */,
				6272506B2976C00C0077BD22 /* car EWTests.xctest */,
				627250752976C00C0077BD22 /* car EWUITests.xctest */,
			);
			name = Products;
			sourceTree = "<group>";
		};
		6272505D2976C00A0077BD22 /* car EW */ = {
			isa = PBXGroup;
			children = (
				6272505E2976C00A0077BD22 /* car_EWApp.swift */,
				627250602976C00A0077BD22 /* ContentView.swift */,
				627250622976C00C0077BD22 /* Assets.xcassets */,
				627250642976C00C0077BD22 /* Preview Content */,
			);
			path = "car EW";
			sourceTree = "<group>";
		};
		627250642976C00C0077BD22 /* Preview Content */ = {
			isa = PBXGroup;
			children = (
				627250652976C00C0077BD22 /* Preview Assets.xcassets */,
			);
			path = "Preview Content";
			sourceTree = "<group>";
		};
		6272506E2976C00C0077BD22 /* car EWTests */ = {
			isa = PBXGroup;
			children = (
				6272506F2976C00C0077BD22 /* car_EWTests.swift */,
			);
			path = "car EWTests";
			sourceTree = "<group>";
		};
		627250782976C00C0077BD22 /* car EWUITests */ = {
			isa = PBXGroup;
			children = (
				627250792976C00C0077BD22 /* car_EWUITests.swift */,
				6272507B2976C00C0077BD22 /* car_EWUITestsLaunchTests.swift */,
			);
			path = "car EWUITests";
			sourceTree = "<group>";
		};
/* End PBXGroup section */

/* Begin PBXNativeTarget section */
		6272505A2976C00A0077BD22 /* car EW */ = {
			isa = PBXNativeTarget;
			buildConfigurationList = 6272507F2976C00C0077BD22 /* Build configuration list for PBXNativeTarget "car EW" */;
			buildPhases = (
				627250572976C00A0077BD22 /* Sources */,
				627250582976C00A0077BD22 /* Frameworks */,
				627250592976C00A0077BD22 /* Resources */,
			);
			buildRules = (
			);
			dependencies = (
			);
			name = "car EW";
			productName = "car EW";
			productReference = 6272505B2976C00A0077BD22 /* car EW.app */;
			productType = "com.apple.product-type.application";
		};
		6272506A2976C00C0077BD22 /* car EWTests */ = {
			isa = PBXNativeTarget;
			buildConfigurationList = 627250822976C00C0077BD22 /* Build configuration list for PBXNativeTarget "car EWTests" */;
			buildPhases = (
				627250672976C00C0077BD22 /* Sources */,
				627250682976C00C0077BD22 /* Frameworks */,
				627250692976C00C0077BD22 /* Resources */,
			);
			buildRules = (
			);
			dependencies = (
				6272506D2976C00C0077BD22 /* PBXTargetDependency */,
			);
			name = "car EWTests";
			productName = "car EWTests";
			productReference = 6272506B2976C00C0077BD22 /* car EWTests.xctest */;
			productType = "com.apple.product-type.bundle.unit-test";
		};
		627250742976C00C0077BD22 /* car EWUITests */ = {
			isa = PBXNativeTarget;
			buildConfigurationList = 627250852976C00C0077BD22 /* Build configuration list for PBXNativeTarget "car EWUITests" */;
			buildPhases = (
				627250712976C00C0077BD22 /* Sources */,
				627250722976C00C0077BD22 /* Frameworks */,
				627250732976C00C0077BD22 /* Resources */,
			);
			buildRules = (
			);
			dependencies = (
				627250772976C00C0077BD22 /* PBXTargetDependency */,
			);
			name = "car EWUITests";
			productName = "car EWUITests";
			productReference = 627250752976C00C0077BD22 /* car EWUITests.xctest */;
			productType = "com.apple.product-type.bundle.ui-testing";
		};
/* End PBXNativeTarget section */

/* Begin PBXProject section */
		627250532976C00A0077BD22 /* Project object */ = {
			isa = PBXProject;
			attributes = {
				BuildIndependentTargetsInParallel = 1;
				LastSwiftUpdateCheck = 1320;
				LastUpgradeCheck = 1320;
				TargetAttributes = {
					6272505A2976C00A0077BD22 = {
						CreatedOnToolsVersion = 13.2.1;
					};
					6272506A2976C00C0077BD22 = {
						CreatedOnToolsVersion = 13.2.1;
						TestTargetID = 6272505A2976C00A0077BD22;
					};
					627250742976C00C0077BD22 = {
						CreatedOnToolsVersion = 13.2.1;
						TestTargetID = 6272505A2976C00A0077BD22;
					};
				};
			};
			buildConfigurationList = 627250562976C00A0077BD22 /* Build configuration list for PBXProject "car EW" */;
			compatibilityVersion = "Xcode 13.0";
			developmentRegion = en;
			hasScannedForEncodings = 0;
			knownRegions = (
				en,
				Base,
			);
			mainGroup = 627250522976C00A0077BD22;
			productRefGroup = 6272505C2976C00A0077BD22 /* Products */;
			projectDirPath = "";
			projectRoot = "";
			targets = (
				6272505A2976C00A0077BD22 /* car EW */,
				6272506A2976C00C0077BD22 /* car EWTests */,
				627250742976C00C0077BD22 /* car EWUITests */,
			);
		};
/* End PBXProject section */

/* Begin PBXResourcesBuildPhase section */
		627250592976C00A0077BD22 /* Resources */ = {
			isa = PBXResourcesBuildPhase;
			buildActionMask = 2147483647;
			files = (
				627250662976C00C0077BD22 /* Preview Assets.xcassets in Resources */,
				627250632976C00C0077BD22 /* Assets.xcassets in Resources */,
			);
			runOnlyForDeploymentPostprocessing = 0;
		};
		627250692976C00C0077BD22 /* Resources */ = {
			isa = PBXResourcesBuildPhase;
			buildActionMask = 2147483647;
			files = (
			);
			runOnlyForDeploymentPostprocessing = 0;
		};
		627250732976C00C0077BD22 /* Resources */ = {
			isa = PBXResourcesBuildPhase;
			buildActionMask = 2147483647;
			files = (
			);
			runOnlyForDeploymentPostprocessing = 0;
		};
/* End PBXResourcesBuildPhase section */

/* Begin PBXSourcesBuildPhase section */
		627250572976C00A0077BD22 /* Sources */ = {
			isa = PBXSourcesBuildPhase;
			buildActionMask = 2147483647;
			files = (
				627250612976C00A0077BD22 /* ContentView.swift in Sources */,
				6272505F2976C00A0077BD22 /* car_EWApp.swift in Sources */,
			);
			runOnlyForDeploymentPostprocessing = 0;
		};
		627250672976C00C0077BD22 /* Sources */ = {
			isa = PBXSourcesBuildPhase;
			buildActionMask = 2147483647;
			files = (
				627250702976C00C0077BD22 /* car_EWTests.swift in Sources */,
			);
			runOnlyForDeploymentPostprocessing = 0;
		};
		627250712976C00C0077BD22 /* Sources */ = {
			isa = PBXSourcesBuildPhase;
			buildActionMask = 2147483647;
			files = (
				6272507A2976C00C0077BD22 /* car_EWUITests.swift in Sources */,
				6272507C2976C00C0077BD22 /* car_EWUITestsLaunchTests.swift in Sources */,
			);
			runOnlyForDeploymentPostprocessing = 0;
		};
/* End PBXSourcesBuildPhase section */

/* Begin PBXTargetDependency section */
		6272506D2976C00C0077BD22 /* PBXTargetDependency */ = {
			isa = PBXTargetDependency;
			target = 6272505A2976C00A0077BD22 /* car EW */;
			targetProxy = 6272506C2976C00C0077BD22 /* PBXContainerItemProxy */;
		};
		627250772976C00C0077BD22 /* PBXTargetDependency */ = {
			isa = PBXTargetDependency;
			target = 6272505A2976C00A0077BD22 /* car EW */;
			targetProxy = 627250762976C00C0077BD22 /* PBXContainerItemProxy */;
		};
/* End PBXTargetDependency section */

/* Begin XCBuildConfiguration section */
		6272507D2976C00C0077BD22 /* Debug */ = {
			isa = XCBuildConfiguration;
			buildSettings = {
				ALWAYS_SEARCH_USER_PATHS = NO;
				CLANG_ANALYZER_NONNULL = YES;
				CLANG_ANALYZER_NUMBER_OBJECT_CONVERSION = YES_AGGRESSIVE;
				CLANG_CXX_LANGUAGE_STANDARD = "gnu++17";
				CLANG_CXX_LIBRARY = "libc++";
				CLANG_ENABLE_MODULES = YES;
				CLANG_ENABLE_OBJC_ARC = YES;
				CLANG_ENABLE_OBJC_WEAK = YES;
				CLANG_WARN_BLOCK_CAPTURE_AUTORELEASING = YES;
				CLANG_WARN_BOOL_CONVERSION = YES;
				CLANG_WARN_COMMA = YES;
				CLANG_WARN_CONSTANT_CONVERSION = YES;
				CLANG_WARN_DEPRECATED_OBJC_IMPLEMENTATIONS = YES;
				CLANG_WARN_DIRECT_OBJC_ISA_USAGE = YES_ERROR;
				CLANG_WARN_DOCUMENTATION_COMMENTS = YES;
				CLANG_WARN_EMPTY_BODY = YES;
				CLANG_WARN_ENUM_CONVERSION = YES;
				CLANG_WARN_INFINITE_RECURSION = YES;
				CLANG_WARN_INT_CONVERSION = YES;
				CLANG_WARN_NON_LITERAL_NULL_CONVERSION = YES;
				CLANG_WARN_OBJC_IMPLICIT_RETAIN_SELF = YES;
				CLANG_WARN_OBJC_LITERAL_CONVERSION = YES;
				CLANG_WARN_OBJC_ROOT_CLASS = YES_ERROR;
				CLANG_WARN_QUOTED_INCLUDE_IN_FRAMEWORK_HEADER = YES;
				CLANG_WARN_RANGE_LOOP_ANALYSIS = YES;
				CLANG_WARN_STRICT_PROTOTYPES = YES;
				CLANG_WARN_SUSPICIOUS_MOVE = YES;
				CLANG_WARN_UNGUARDED_AVAILABILITY = YES_AGGRESSIVE;
				CLANG_WARN_UNREACHABLE_CODE = YES;
				CLANG_WARN__DUPLICATE_METHOD_MATCH = YES;
				COPY_PHASE_STRIP = NO;
				DEBUG_INFORMATION_FORMAT = dwarf;
				ENABLE_STRICT_OBJC_MSGSEND = YES;
				ENABLE_TESTABILITY = YES;
				GCC_C_LANGUAGE_STANDARD = gnu11;
				GCC_DYNAMIC_NO_PIC = NO;
				GCC_NO_COMMON_BLOCKS = YES;
				GCC_OPTIMIZATION_LEVEL = 0;
				GCC_PREPROCESSOR_DEFINITIONS = (
					"DEBUG=1",
					"$(inherited)",
				);
				GCC_WARN_64_TO_32_BIT_CONVERSION = YES;
				GCC_WARN_ABOUT_RETURN_TYPE = YES_ERROR;
				GCC_WARN_UNDECLARED_SELECTOR = YES;
				GCC_WARN_UNINITIALIZED_AUTOS = YES_AGGRESSIVE;
				GCC_WARN_UNUSED_FUNCTION = YES;
				GCC_WARN_UNUSED_VARIABLE = YES;
				IPHONEOS_DEPLOYMENT_TARGET = 15.2;
				MTL_ENABLE_DEBUG_INFO = INCLUDE_SOURCE;
				MTL_FAST_MATH = YES;
				ONLY_ACTIVE_ARCH = YES;
				SDKROOT = iphoneos;
				SWIFT_ACTIVE_COMPILATION_CONDITIONS = DEBUG;
				SWIFT_OPTIMIZATION_LEVEL = "-Onone";
			};
			name = Debug;
		};
		6272507E2976C00C0077BD22 /* Release */ = {
			isa = XCBuildConfiguration;
			buildSettings = {
				ALWAYS_SEARCH_USER_PATHS = NO;
				CLANG_ANALYZER_NONNULL = YES;
				CLANG_ANALYZER_NUMBER_OBJECT_CONVERSION = YES_AGGRESSIVE;
				CLANG_CXX_LANGUAGE_STANDARD = "gnu++17";
				CLANG_CXX_LIBRARY = "libc++";
				CLANG_ENABLE_MODULES = YES;
				CLANG_ENABLE_OBJC_ARC = YES;
				CLANG_ENABLE_OBJC_WEAK = YES;
				CLANG_WARN_BLOCK_CAPTURE_AUTORELEASING = YES;
				CLANG_WARN_BOOL_CONVERSION = YES;
				CLANG_WARN_COMMA = YES;
				CLANG_WARN_CONSTANT_CONVERSION = YES;
				CLANG_WARN_DEPRECATED_OBJC_IMPLEMENTATIONS = YES;
				CLANG_WARN_DIRECT_OBJC_ISA_USAGE = YES_ERROR;
				CLANG_WARN_DOCUMENTATION_COMMENTS = YES;
				CLANG_WARN_EMPTY_BODY = YES;
				CLANG_WARN_ENUM_CONVERSION = YES;
				CLANG_WARN_INFINITE_RECURSION = YES;
				CLANG_WARN_INT_CONVERSION = YES;
				CLANG_WARN_NON_LITERAL_NULL_CONVERSION = YES;
				CLANG_WARN_OBJC_IMPLICIT_RETAIN_SELF = YES;
				CLANG_WARN_OBJC_LITERAL_CONVERSION = YES;
				CLANG_WARN_OBJC_ROOT_CLASS = YES_ERROR;
				CLANG_WARN_QUOTED_INCLUDE_IN_FRAMEWORK_HEADER = YES;
				CLANG_WARN_RANGE_LOOP_ANALYSIS = YES;
				CLANG_WARN_STRICT_PROTOTYPES = YES;
				CLANG_WARN_SUSPICIOUS_MOVE = YES;
				CLANG_WARN_UNGUARDED_AVAILABILITY = YES_AGGRESSIVE;
				CLANG_WARN_UNREACHABLE_CODE = YES;
				CLANG_WARN__DUPLICATE_METHOD_MATCH = YES;
				COPY_PHASE_STRIP = NO;
				DEBUG_INFORMATION_FORMAT = "dwarf-with-dsym";
				ENABLE_NS_ASSERTIONS = NO;
				ENABLE_STRICT_OBJC_MSGSEND = YES;
				GCC_C_LANGUAGE_STANDARD = gnu11;
				GCC_NO_COMMON_BLOCKS = YES;
				GCC_WARN_64_TO_32_BIT_CONVERSION = YES;
				GCC_WARN_ABOUT_RETURN_TYPE = YES_ERROR;
				GCC_WARN_UNDECLARED_SELECTOR = YES;
				GCC_WARN_UNINITIALIZED_AUTOS = YES_AGGRESSIVE;
				GCC_WARN_UNUSED_FUNCTION = YES;
				GCC_WARN_UNUSED_VARIABLE = YES;
				IPHONEOS_DEPLOYMENT_TARGET = 15.2;
				MTL_ENABLE_DEBUG_INFO = NO;
				MTL_FAST_MATH = YES;
				SDKROOT = iphoneos;
				SWIFT_COMPILATION_MODE = wholemodule;
				SWIFT_OPTIMIZATION_LEVEL = "-O";
				VALIDATE_PRODUCT = YES;
			};
			name = Release;
		};
		627250802976C00C0077BD22 /* Debug */ = {
			isa = XCBuildConfiguration;
			buildSettings = {
				ASSETCATALOG_COMPILER_APPICON_NAME = AppIcon;
				ASSETCATALOG_COMPILER_GLOBAL_ACCENT_COLOR_NAME = AccentColor;
				CODE_SIGN_STYLE = Automatic;
				CURRENT_PROJECT_VERSION = 1;
				DEVELOPMENT_ASSET_PATHS = "\"car EW/Preview Content\"";
				ENABLE_PREVIEWS = YES;
				GENERATE_INFOPLIST_FILE = YES;
				INFOPLIST_KEY_UIApplicationSceneManifest_Generation = YES;
				INFOPLIST_KEY_UIApplicationSupportsIndirectInputEvents = YES;
				INFOPLIST_KEY_UILaunchScreen_Generation = YES;
				INFOPLIST_KEY_UISupportedInterfaceOrientations_iPad = "UIInterfaceOrientationPortrait UIInterfaceOrientationPortraitUpsideDown UIInterfaceOrientationLandscapeLeft UIInterfaceOrientationLandscapeRight";
				INFOPLIST_KEY_UISupportedInterfaceOrientations_iPhone = "UIInterfaceOrientationPortrait UIInterfaceOrientationLandscapeLeft UIInterfaceOrientationLandscapeRight";
				LD_RUNPATH_SEARCH_PATHS = (
					"$(inherited)",
					"@executable_path/Frameworks",
				);
				MARKETING_VERSION = 1.0;
				PRODUCT_BUNDLE_IDENTIFIER = "com.eton.Cw.WH.car-EW";
				PRODUCT_NAME = "$(TARGET_NAME)";
				SWIFT_EMIT_LOC_STRINGS = YES;
				SWIFT_VERSION = 5.0;
				TARGETED_DEVICE_FAMILY = "1,2";
			};
			name = Debug;
		};
		627250812976C00C0077BD22 /* Release */ = {
			isa = XCBuildConfiguration;
			buildSettings = {
				ASSETCATALOG_COMPILER_APPICON_NAME = AppIcon;
				ASSETCATALOG_COMPILER_GLOBAL_ACCENT_COLOR_NAME = AccentColor;
				CODE_SIGN_STYLE = Automatic;
				CURRENT_PROJECT_VERSION = 1;
				DEVELOPMENT_ASSET_PATHS = "\"car EW/Preview Content\"";
				ENABLE_PREVIEWS = YES;
				GENERATE_INFOPLIST_FILE = YES;
				INFOPLIST_KEY_UIApplicationSceneManifest_Generation = YES;
				INFOPLIST_KEY_UIApplicationSupportsIndirectInputEvents = YES;
				INFOPLIST_KEY_UILaunchScreen_Generation = YES;
				INFOPLIST_KEY_UISupportedInterfaceOrientations_iPad = "UIInterfaceOrientationPortrait UIInterfaceOrientationPortraitUpsideDown UIInterfaceOrientationLandscapeLeft UIInterfaceOrientationLandscapeRight";
				INFOPLIST_KEY_UISupportedInterfaceOrientations_iPhone = "UIInterfaceOrientationPortrait UIInterfaceOrientationLandscapeLeft UIInterfaceOrientationLandscapeRight";
				LD_RUNPATH_SEARCH_PATHS = (
					"$(inherited)",
					"@executable_path/Frameworks",
				);
				MARKETING_VERSION = 1.0;
				PRODUCT_BUNDLE_IDENTIFIER = "com.eton.Cw.WH.car-EW";
				PRODUCT_NAME = "$(TARGET_NAME)";
				SWIFT_EMIT_LOC_STRINGS = YES;
				SWIFT_VERSION = 5.0;
				TARGETED_DEVICE_FAMILY = "1,2";
			};
			name = Release;
		};
		627250832976C00C0077BD22 /* Debug */ = {
			isa = XCBuildConfiguration;
			buildSettings = {
				ALWAYS_EMBED_SWIFT_STANDARD_LIBRARIES = YES;
				BUNDLE_LOADER = "$(TEST_HOST)";
				CODE_SIGN_STYLE = Automatic;
				CURRENT_PROJECT_VERSION = 1;
				GENERATE_INFOPLIST_FILE = YES;
				IPHONEOS_DEPLOYMENT_TARGET = 15.2;
				MARKETING_VERSION = 1.0;
				PRODUCT_BUNDLE_IDENTIFIER = "com.eton.Cw.WH.car-EWTests";
				PRODUCT_NAME = "$(TARGET_NAME)";
				SWIFT_EMIT_LOC_STRINGS = NO;
				SWIFT_VERSION = 5.0;
				TARGETED_DEVICE_FAMILY = "1,2";
				TEST_HOST = "$(BUILT_PRODUCTS_DIR)/car EW.app/car EW";
			};
			name = Debug;
		};
		627250842976C00C0077BD22 /* Release */ = {
			isa = XCBuildConfiguration;
			buildSettings = {
				ALWAYS_EMBED_SWIFT_STANDARD_LIBRARIES = YES;
				BUNDLE_LOADER = "$(TEST_HOST)";
				CODE_SIGN_STYLE = Automatic;
				CURRENT_PROJECT_VERSION = 1;
				GENERATE_INFOPLIST_FILE = YES;
				IPHONEOS_DEPLOYMENT_TARGET = 15.2;
				MARKETING_VERSION = 1.0;
				PRODUCT_BUNDLE_IDENTIFIER = "com.eton.Cw.WH.car-EWTests";
				PRODUCT_NAME = "$(TARGET_NAME)";
				SWIFT_EMIT_LOC_STRINGS = NO;
				SWIFT_VERSION = 5.0;
				TARGETED_DEVICE_FAMILY = "1,2";
				TEST_HOST = "$(BUILT_PRODUCTS_DIR)/car EW.app/car EW";
			};
			name = Release;
		};
		627250862976C00C0077BD22 /* Debug */ = {
			isa = XCBuildConfiguration;
			buildSettings = {
				ALWAYS_EMBED_SWIFT_STANDARD_LIBRARIES = YES;
				CODE_SIGN_STYLE = Automatic;
				CURRENT_PROJECT_VERSION = 1;
				GENERATE_INFOPLIST_FILE = YES;
				MARKETING_VERSION = 1.0;
				PRODUCT_BUNDLE_IDENTIFIER = "com.eton.Cw.WH.car-EWUITests";
				PRODUCT_NAME = "$(TARGET_NAME)";
				SWIFT_EMIT_LOC_STRINGS = NO;
				SWIFT_VERSION = 5.0;
				TARGETED_DEVICE_FAMILY = "1,2";
				TEST_TARGET_NAME = "car EW";
			};
			name = Debug;
		};
		627250872976C00C0077BD22 /* Release */ = {
			isa = XCBuildConfiguration;
			buildSettings = {
				ALWAYS_EMBED_SWIFT_STANDARD_LIBRARIES = YES;
				CODE_SIGN_STYLE = Automatic;
				CURRENT_PROJECT_VERSION = 1;
				GENERATE_INFOPLIST_FILE = YES;
				MARKETING_VERSION = 1.0;
				PRODUCT_BUNDLE_IDENTIFIER = "com.eton.Cw.WH.car-EWUITests";
				PRODUCT_NAME = "$(TARGET_NAME)";
				SWIFT_EMIT_LOC_STRINGS = NO;
				SWIFT_VERSION = 5.0;
				TARGETED_DEVICE_FAMILY = "1,2";
				TEST_TARGET_NAME = "car EW";
			};
			name = Release;
		};
/* End XCBuildConfiguration section */

/* Begin XCConfigurationList section */
		627250562976C00A0077BD22 /* Build configuration list for PBXProject "car EW" */ = {
			isa = XCConfigurationList;
			buildConfigurations = (
				6272507D2976C00C0077BD22 /* Debug */,
				6272507E2976C00C0077BD22 /* Release */,
			);
			defaultConfigurationIsVisible = 0;
			defaultConfigurationName = Release;
		};
		6272507F2976C00C0077BD22 /* Build configuration list for PBXNativeTarget "car EW" */ = {
			isa = XCConfigurationList;
			buildConfigurations = (
				627250802976C00C0077BD22 /* Debug */,
				627250812976C00C0077BD22 /* Release */,
			);
			defaultConfigurationIsVisible = 0;
			defaultConfigurationName = Release;
		};
		627250822976C00C0077BD22 /* Build configuration list for PBXNativeTarget "car EWTests" */ = {
			isa = XCConfigurationList;
			buildConfigurations = (
				627250832976C00C0077BD22 /* Debug */,
				627250842976C00C0077BD22 /* Release */,
			);
			defaultConfigurationIsVisible = 0;
			defaultConfigurationName = Release;
		};
		627250852976C00C0077BD22 /* Build configuration list for PBXNativeTarget "car EWUITests" */ = {
			isa = XCConfigurationList;
			buildConfigurations = (
				627250862976C00C0077BD22 /* Debug */,
				627250872976C00C0077BD22 /* Release */,
			);
			defaultConfigurationIsVisible = 0;
			defaultConfigurationName = Release;
		};
/* End XCConfigurationList section */
	};
	rootObject = 627250532976C00A0077BD22 /* Project object */;
}
